
Microsoft Visual Studio Solution File, Format Version 12.00
# Visual Studio 2017
Project("{FAE04EC0-301F-11D3-BF4B-00C04F79EFBC}") = "ShaderFrameWork", "ShaderFrameWork.csproj", "{F0B8725E-9CD9-D8CD-119A-4361F5653F9D}"
EndProject
Project("{FAE04EC0-301F-11D3-BF4B-00C04F79EFBC}") = "ShaderFrameWork.Plugins", "ShaderFrameWork.Plugins.csproj", "{1EE59CFA-6219-528E-300C-4E400CF67BA9}"
EndProject
Project("{FAE04EC0-301F-11D3-BF4B-00C04F79EFBC}") = "ShaderFrameWork.Editor", "ShaderFrameWork.Editor.csproj", "{80D0F3BA-BCBE-1010-7E12-2D6B45D389E4}"
EndProject
Project("{FAE04EC0-301F-11D3-BF4B-00C04F79EFBC}") = "ShaderFrameWork.Editor.Plugins", "ShaderFrameWork.Editor.Plugins.csproj", "{57AEA271-413E-3B2F-49B3-E73CCC865C25}"
EndProject
Global
	GlobalSection(SolutionConfigurationPlatforms) = preSolution
		Debug|Any CPU = Debug|Any CPU
		Release|Any CPU = Release|Any CPU
	EndGlobalSection
	GlobalSection(ProjectConfigurationPlatforms) = postSolution
		{F0B8725E-9CD9-D8CD-119A-4361F5653F9D}.Debug|Any CPU.ActiveCfg = Debug|Any CPU
		{F0B8725E-9CD9-D8CD-119A-4361F5653F9D}.Debug|Any CPU.Build.0 = Debug|Any CPU
		{F0B8725E-9CD9-D8CD-119A-4361F5653F9D}.Release|Any CPU.ActiveCfg = Release|Any CPU
		{F0B8725E-9CD9-D8CD-119A-4361F5653F9D}.Release|Any CPU.Build.0 = Release|Any CPU
		{1EE59CFA-6219-528E-300C-4E400CF67BA9}.Debug|Any CPU.ActiveCfg = Debug|Any CPU
		{1EE59CFA-6219-528E-300C-4E400CF67BA9}.Debug|Any CPU.Build.0 = Debug|Any CPU
		{1EE59CFA-6219-528E-300C-4E400CF67BA9}.Release|Any CPU.ActiveCfg = Release|Any CPU
		{1EE59CFA-6219-528E-300C-4E400CF67BA9}.Release|Any CPU.Build.0 = Release|Any CPU
		{80D0F3BA-BCBE-1010-7E12-2D6B45D389E4}.Debug|Any CPU.ActiveCfg = Debug|Any CPU
		{80D0F3BA-BCBE-1010-7E12-2D6B45D389E4}.Debug|Any CPU.Build.0 = Debug|Any CPU
		{80D0F3BA-BCBE-1010-7E12-2D6B45D389E4}.Release|Any CPU.ActiveCfg = Release|Any CPU
		{80D0F3BA-BCBE-1010-7E12-2D6B45D389E4}.Release|Any CPU.Build.0 = Release|Any CPU
		{57AEA271-413E-3B2F-49B3-E73CCC865C25}.Debug|Any CPU.ActiveCfg = Debug|Any CPU
		{57AEA271-413E-3B2F-49B3-E73CCC865C25}.Debug|Any CPU.Build.0 = Debug|Any CPU
		{57AEA271-413E-3B2F-49B3-E73CCC865C25}.Release|Any CPU.ActiveCfg = Release|Any CPU
		{57AEA271-413E-3B2F-49B3-E73CCC865C25}.Release|Any CPU.Build.0 = Release|Any CPU
	EndGlobalSection
	GlobalSection(SolutionProperties) = preSolution
		HideSolutionNode = FALSE
	EndGlobalSection
EndGlobal
